// !$*UTF8*$!
{
	archiveVersion = 1;
	classes = {
	};
	objectVersion = 50;
	objects = {

/* Begin PBXBuildFile section */
		497B41D021CE84BE000A76DB /* AppDelegate.swift in Sources */ = {isa = PBXBuildFile; fileRef = 497B41CF21CE84BE000A76DB /* AppDelegate.swift */; };
		497B41D221CE84BE000A76DB /* ViewController.swift in Sources */ = {isa = PBXBuildFile; fileRef = 497B41D121CE84BE000A76DB /* ViewController.swift */; };
		497B41D521CE84BE000A76DB /* Main.storyboard in Resources */ = {isa = PBXBuildFile; fileRef = 497B41D321CE84BE000A76DB /* Main.storyboard */; };
		497B41D721CE84BF000A76DB /* Assets.xcassets in Resources */ = {isa = PBXBuildFile; fileRef = 497B41D621CE84BF000A76DB /* Assets.xcassets */; };
		497B41DA21CE84BF000A76DB /* LaunchScreen.storyboard in Resources */ = {isa = PBXBuildFile; fileRef = 497B41D821CE84BF000A76DB /* LaunchScreen.storyboard */; };
/* End PBXBuildFile section */

/* Begin PBXFileReference section */
		497B41CC21CE84BE000A76DB /* AutoLayout-2.1.15.app */ = {isa = PBXFileReference; explicitFileType = wrapper.application; includeInIndex = 0; path = "AutoLayout-2.1.15.app"; sourceTree = BUILT_PRODUCTS_DIR; };
		497B41CF21CE84BE000A76DB /* AppDelegate.swift */ = {isa = PBXFileReference; lastKnownFileType = sourcecode.swift; path = AppDelegate.swift; sourceTree = "<group>"; };
		497B41D121CE84BE000A76DB /* ViewController.swift */ = {isa = PBXFileReference; lastKnownFileType = sourcecode.swift; path = ViewController.swift; sourceTree = "<group>"; };
		497B41D421CE84BE000A76DB /* Base */ = {isa = PBXFileReference; lastKnownFileType = file.storyboard; name = Base; path = Base.lproj/Main.storyboard; sourceTree = "<group>"; };
		497B41D621CE84BF000A76DB /* Assets.xcassets */ = {isa = PBXFileReference; lastKnownFileType = folder.assetcatalog; path = Assets.xcassets; sourceTree = "<group>"; };
		497B41D921CE84BF000A76DB /* Base */ = {isa = PBXFileReference; lastKnownFileType = file.storyboard; name = Base; path = Base.lproj/LaunchScreen.storyboard; sourceTree = "<group>"; };
		497B41DB21CE84BF000A76DB /* Info.plist */ = {isa = PBXFileReference; lastKnownFileType = text.plist.xml; path = Info.plist; sourceTree = "<group>"; };
/* End PBXFileReference section */

/* Begin PBXFrameworksBuildPhase section */
		497B41C921CE84BE000A76DB /* Frameworks */ = {
			isa = PBXFrameworksBuildPhase;
			buildActionMask = 2147483647;
			files = (
			);
			runOnlyForDeploymentPostprocessing = 0;
		};
/* End PBXFrameworksBuildPhase section */

/* Begin PBXGroup section */
		497B41C321CE84BE000A76DB = {
			isa = PBXGroup;
			children = (
				497B41CE21CE84BE000A76DB /* AutoLayout-2.1.15 */,
				497B41CD21CE84BE000A76DB /* Products */,
			);
			sourceTree = "<group>";
		};
		497B41CD21CE84BE000A76DB /* Products */ = {
			isa = PBXGroup;
			children = (
				497B41CC21CE84BE000A76DB /* AutoLayout-2.1.15.app */,
			);
			name = Products;
			sourceTree = "<group>";
		};
		497B41CE21CE84BE000A76DB /* AutoLayout-2.1.15 */ = {
			isa = PBXGroup;
			children = (
				497B41CF21CE84BE000A76DB /* AppDelegate.swift */,
				497B41D121CE84BE000A76DB /* ViewController.swift */,
				497B41D321CE84BE000A76DB /* Main.storyboard */,
				497B41D621CE84BF000A76DB /* Assets.xcassets */,
				497B41D821CE84BF000A76DB /* LaunchScreen.storyboard */,
				497B41DB21CE84BF000A76DB /* Info.plist */,
			);
			path = "AutoLayout-2.1.15";
			sourceTree = "<group>";
		};
/* End PBXGroup section */

/* Begin PBXNativeTarget section */
		497B41CB21CE84BE000A76DB /* AutoLayout-2.1.15 */ = {
			isa = PBXNativeTarget;
			buildConfigurationList = 497B41DE21CE84BF000A76DB /* Build configuration list for PBXNativeTarget "AutoLayout-2.1.15" */;
			buildPhases = (
				497B41C821CE84BE000A76DB /* Sources */,
				497B41C921CE84BE000A76DB /* Frameworks */,
				497B41CA21CE84BE000A76DB /* Resources */,
			);
			buildRules = (
			);
			dependencies = (
			);
			name = "AutoLayout-2.1.15";
			productName = "AutoLayout-2.1.15";
			productReference = 497B41CC21CE84BE000A76DB /* AutoLayout-2.1.15.app */;
			productType = "com.apple.product-type.application";
		};
/* End PBXNativeTarget section */

/* Begin PBXProject section */
		497B41C421CE84BE000A76DB /* Project object */ = {
			isa = PBXProject;
			attributes = {
				LastSwiftUpdateCheck = 1010;
				LastUpgradeCheck = 1010;
				ORGANIZATIONNAME = minagi;
				TargetAttributes = {
					497B41CB21CE84BE000A76DB = {
						CreatedOnToolsVersion = 10.1;
					};
				};
			};
			buildConfigurationList = 497B41C721CE84BE000A76DB /* Build configuration list for PBXProject "AutoLayout-2.1.15" */;
			compatibilityVersion = "Xcode 9.3";
			developmentRegion = en;
			hasScannedForEncodings = 0;
			knownRegions = (
				en,
				Base,
			);
			mainGroup = 497B41C321CE84BE000A76DB;
			productRefGroup = 497B41CD21CE84BE000A76DB /* Products */;
			projectDirPath = "";
			projectRoot = "";
			targets = (
				497B41CB21CE84BE000A76DB /* AutoLayout-2.1.15 */,
			);
		};
/* End PBXProject section */

/* Begin PBXResourcesBuildPhase section */
		497B41CA21CE84BE000A76DB /* Resources */ = {
			isa = PBXResourcesBuildPhase;
			buildActionMask = 2147483647;
			files = (
				497B41DA21CE84BF000A76DB /* LaunchScreen.storyboard in Resources */,
				497B41D721CE84BF000A76DB /* Assets.xcassets in Resources */,
				497B41D521CE84BE000A76DB /* Main.storyboard in Resources */,
			);
			runOnlyForDeploymentPostprocessing = 0;
		};
/* End PBXResourcesBuildPhase section */

/* Begin PBXSourcesBuildPhase section */
		497B41C821CE84BE000A76DB /* Sources */ = {
			isa = PBXSourcesBuildPhase;
			buildActionMask = 2147483647;
			files = (
				497B41D221CE84BE000A76DB /* ViewController.swift in Sources */,
				497B41D021CE84BE000A76DB /* AppDelegate.swift in Sources */,
			);
			runOnlyForDeploymentPostprocessing = 0;
		};
/* End PBXSourcesBuildPhase section */

/* Begin PBXVariantGroup section */
		497B41D321CE84BE000A76DB /* Main.storyboard */ = {
			isa = PBXVariantGroup;
			children = (
				497B41D421CE84BE000A76DB /* Base */,
			);
			name = Main.storyboard;
			sourceTree = "<group>";
		};
		497B41D821CE84BF000A76DB /* LaunchScreen.storyboard */ = {
			isa = PBXVariantGroup;
			children = (
				497B41D921CE84BF000A76DB /* Base */,
			);
			name = LaunchScreen.storyboard;
			sourceTree = "<group>";
		};
/* End PBXVariantGroup section */

/* Begin XCBuildConfiguration section */
		497B41DC21CE84BF000A76DB /* Debug */ = {
			isa = XCBuildConfiguration;
			buildSettings = {
				ALWAYS_SEARCH_USER_PATHS = NO;
				CLANG_ANALYZER_NONNULL = YES;
				CLANG_ANALYZER_NUMBER_OBJECT_CONVERSION = YES_AGGRESSIVE;
				CLANG_CXX_LANGUAGE_STANDARD = "gnu++14";
				CLANG_CXX_LIBRARY = "libc++";
				CLANG_ENABLE_MODULES = YES;
				CLANG_ENABLE_OBJC_ARC = YES;
				CLANG_ENABLE_OBJC_WEAK = YES;
				CLANG_WARN_BLOCK_CAPTURE_AUTORELEASING = YES;
				CLANG_WARN_BOOL_CONVERSION = YES;
				CLANG_WARN_COMMA = YES;
				CLANG_WARN_CONSTANT_CONVERSION = YES;
				CLANG_WARN_DEPRECATED_OBJC_IMPLEMENTATIONS = YES;
				CLANG_WARN_DIRECT_OBJC_ISA_USAGE = YES_ERROR;
				CLANG_WARN_DOCUMENTATION_COMMENTS = YES;
				CLANG_WARN_EMPTY_BODY = YES;
				CLANG_WARN_ENUM_CONVERSION = YES;
				CLANG_WARN_INFINITE_RECURSION = YES;
				CLANG_WARN_INT_CONVERSION = YES;
				CLANG_WARN_NON_LITERAL_NULL_CONVERSION = YES;
				CLANG_WARN_OBJC_IMPLICIT_RETAIN_SELF = YES;
				CLANG_WARN_OBJC_LITERAL_CONVERSION = YES;
				CLANG_WARN_OBJC_ROOT_CLASS = YES_ERROR;
				CLANG_WARN_RANGE_LOOP_ANALYSIS = YES;
				CLANG_WARN_STRICT_PROTOTYPES = YES;
				CLANG_WARN_SUSPICIOUS_MOVE = YES;
				CLANG_WARN_UNGUARDED_AVAILABILITY = YES_AGGRESSIVE;
				CLANG_WARN_UNREACHABLE_CODE = YES;
				CLANG_WARN__DUPLICATE_METHOD_MATCH = YES;
				CODE_SIGN_IDENTITY = "iPhone Developer";
				COPY_PHASE_STRIP = NO;
				DEBUG_INFORMATION_FORMAT = dwarf;
				ENABLE_STRICT_OBJC_MSGSEND = YES;
				ENABLE_TESTABILITY = YES;
				GCC_C_LANGUAGE_STANDARD = gnu11;
				GCC_DYNAMIC_NO_PIC = NO;
				GCC_NO_COMMON_BLOCKS = YES;
				GCC_OPTIMIZATION_LEVEL = 0;
				GCC_PREPROCESSOR_DEFINITIONS = (
					"DEBUG=1",
					"$(inherited)",
				);
				GCC_WARN_64_TO_32_BIT_CONVERSION = YES;
				GCC_WARN_ABOUT_RETURN_TYPE = YES_ERROR;
				GCC_WARN_UNDECLARED_SELECTOR = YES;
				GCC_WARN_UNINITIALIZED_AUTOS = YES_AGGRESSIVE;
				GCC_WARN_UNUSED_FUNCTION = YES;
				GCC_WARN_UNUSED_VARIABLE = YES;
				IPHONEOS_DEPLOYMENT_TARGET = 12.1;
				MTL_ENABLE_DEBUG_INFO = INCLUDE_SOURCE;
				MTL_FAST_MATH = YES;
				ONLY_ACTIVE_ARCH = YES;
				SDKROOT = iphoneos;
				SWIFT_ACTIVE_COMPILATION_CONDITIONS = DEBUG;
				SWIFT_OPTIMIZATION_LEVEL = "-Onone";
			};
			name = Debug;
		};
		497B41DD21CE84BF000A76DB /* Release */ = {
			isa = XCBuildConfiguration;
			buildSettings = {
				ALWAYS_SEARCH_USER_PATHS = NO;
				CLANG_ANALYZER_NONNULL = YES;
				CLANG_ANALYZER_NUMBER_OBJECT_CONVERSION = YES_AGGRESSIVE;
				CLANG_CXX_LANGUAGE_STANDARD = "gnu++14";
				CLANG_CXX_LIBRARY = "libc++";
				CLANG_ENABLE_MODULES = YES;
				CLANG_ENABLE_OBJC_ARC = YES;
				CLANG_ENABLE_OBJC_WEAK = YES;
				CLANG_WARN_BLOCK_CAPTURE_AUTORELEASING = YES;
				CLANG_WARN_BOOL_CONVERSION = YES;
				CLANG_WARN_COMMA = YES;
				CLANG_WARN_CONSTANT_CONVERSION = YES;
				CLANG_WARN_DEPRECATED_OBJC_IMPLEMENTATIONS = YES;
				CLANG_WARN_DIRECT_OBJC_ISA_USAGE = YES_ERROR;
				CLANG_WARN_DOCUMENTATION_COMMENTS = YES;
				CLANG_WARN_EMPTY_BODY = YES;
				CLANG_WARN_ENUM_CONVERSION = YES;
				CLANG_WARN_INFINITE_RECURSION = YES;
				CLANG_WARN_INT_CONVERSION = YES;
				CLANG_WARN_NON_LITERAL_NULL_CONVERSION = YES;
				CLANG_WARN_OBJC_IMPLICIT_RETAIN_SELF = YES;
				CLANG_WARN_OBJC_LITERAL_CONVERSION = YES;
				CLANG_WARN_OBJC_ROOT_CLASS = YES_ERROR;
				CLANG_WARN_RANGE_LOOP_ANALYSIS = YES;
				CLANG_WARN_STRICT_PROTOTYPES = YES;
				CLANG_WARN_SUSPICIOUS_MOVE = YES;
				CLANG_WARN_UNGUARDED_AVAILABILITY = YES_AGGRESSIVE;
				CLANG_WARN_UNREACHABLE_CODE = YES;
				CLANG_WARN__DUPLICATE_METHOD_MATCH = YES;
				CODE_SIGN_IDENTITY = "iPhone Developer";
				COPY_PHASE_STRIP = NO;
				DEBUG_INFORMATION_FORMAT = "dwarf-with-dsym";
				ENABLE_NS_ASSERTIONS = NO;
				ENABLE_STRICT_OBJC_MSGSEND = YES;
				GCC_C_LANGUAGE_STANDARD = gnu11;
				GCC_NO_COMMON_BLOCKS = YES;
				GCC_WARN_64_TO_32_BIT_CONVERSION = YES;
				GCC_WARN_ABOUT_RETURN_TYPE = YES_ERROR;
				GCC_WARN_UNDECLARED_SELECTOR = YES;
				GCC_WARN_UNINITIALIZED_AUTOS = YES_AGGRESSIVE;
				GCC_WARN_UNUSED_FUNCTION = YES;
				GCC_WARN_UNUSED_VARIABLE = YES;
				IPHONEOS_DEPLOYMENT_TARGET = 12.1;
				MTL_ENABLE_DEBUG_INFO = NO;
				MTL_FAST_MATH = YES;
				SDKROOT = iphoneos;
				SWIFT_COMPILATION_MODE = wholemodule;
				SWIFT_OPTIMIZATION_LEVEL = "-O";
				VALIDATE_PRODUCT = YES;
			};
			name = Release;
		};
		497B41DF21CE84BF000A76DB /* Debug */ = {
			isa = XCBuildConfiguration;
			buildSettings = {
				ASSETCATALOG_COMPILER_APPICON_NAME = AppIcon;
				CODE_SIGN_STYLE = Automatic;
				DEVELOPMENT_TEAM = KQ3HKVH899;
				INFOPLIST_FILE = "AutoLayout-2.1.15/Info.plist";
				LD_RUNPATH_SEARCH_PATHS = (
					"$(inherited)",
					"@executable_path/Frameworks",
				);
				PRODUCT_BUNDLE_IDENTIFIER = "com.test.company.AutoLayout-2-1-15";
				PRODUCT_NAME = "$(TARGET_NAME)";
				SWIFT_VERSION = 4.2;
				TARGETED_DEVICE_FAMILY = "1,2";
			};
			name = Debug;
		};
		497B41E021CE84BF000A76DB /* Release */ = {
			isa = XCBuildConfiguration;
			buildSettings = {
				ASSETCATALOG_COMPILER_APPICON_NAME = AppIcon;
				CODE_SIGN_STYLE = Automatic;
				DEVELOPMENT_TEAM = KQ3HKVH899;
				INFOPLIST_FILE = "AutoLayout-2.1.15/Info.plist";
				LD_RUNPATH_SEARCH_PATHS = (
					"$(inherited)",
					"@executable_path/Frameworks",
				);
				PRODUCT_BUNDLE_IDENTIFIER = "com.test.company.AutoLayout-2-1-15";
				PRODUCT_NAME = "$(TARGET_NAME)";
				SWIFT_VERSION = 4.2;
				TARGETED_DEVICE_FAMILY = "1,2";
			};
			name = Release;
		};
/* End XCBuildConfiguration section */

/* Begin XCConfigurationList section */
		497B41C721CE84BE000A76DB /* Build configuration list for PBXProject "AutoLayout-2.1.15" */ = {
			isa = XCConfigurationList;
			buildConfigurations = (
				497B41DC21CE84BF000A76DB /* Debug */,
				497B41DD21CE84BF000A76DB /* Release */,
			);
			defaultConfigurationIsVisible = 0;
			defaultConfigurationName = Release;
		};
		497B41DE21CE84BF000A76DB /* Build configuration list for PBXNativeTarget "AutoLayout-2.1.15" */ = {
			isa = XCConfigurationList;
			buildConfigurations = (
				497B41DF21CE84BF000A76DB /* Debug */,
				497B41E021CE84BF000A76DB /* Release */,
			);
			defaultConfigurationIsVisible = 0;
			defaultConfigurationName = Release;
		};
/* End XCConfigurationList section */
	};
	rootObject = 497B41C421CE84BE000A76DB /* Project object */;
}
